# This file was autogenerated by Stack.
# You should not edit this file by hand.
# For more information, please see the documentation at:
#   https://docs.haskellstack.org/en/stable/lock_files

packages:
- completed:
    hackage: discord-haskell-1.8.1@sha256:86d8777ce02ed404c81d02c7b9b0fd5f870e52c6e3a07d98ce3681a7873f7e0e,3562
    pantry-tree:
      size: 2107
      sha256: cfb24b8f065a15db36b7bdb442970cddf36f7c91f18eb2fca4a835f94f24f9a1
  original:
    hackage: discord-haskell-1.8.1
- completed:
    hackage: emoji-0.1.0.2@sha256:d995572a5c7dcd28f98eb15c6e387a7b3bda1ac2477ab0d9dba8580d5d7b161f,1273
    pantry-tree:
      size: 437
      sha256: dd9ea90a631342e5db0fc21331ade4d563a685e9125d5a3989eefa8e1b96c6c6
  original:
    hackage: emoji-0.1.0.2
- completed:
    hackage: load-env-0.2.1.0@sha256:17628d397cf7ba6af9bf103c2c3592bb246e2ad58bd019cc5071c654887b1083,1866
    pantry-tree:
      size: 601
      sha256: 12947042909a99d32d10cb72865db781867f34c0bd28c430091c2b80db1f1109
  original:
    hackage: load-env-0.2.1.0
- completed:
    hackage: data-default-0.7.1.1@sha256:2804e8d14f521a1edee88b68b66347448e7f3b685868290fdc55930e4471f5a9,645
    pantry-tree:
      size: 212
      sha256: 1db0dcb6890feff1b87ea180a4c4a0611cda399a700822bd75970a2b7ad02dbc
  original:
    hackage: data-default-0.7.1.1
snapshots:
- completed:
    size: 533252
    url: https://raw.githubusercontent.com/commercialhaskell/stackage-snapshots/master/lts/16/27.yaml
    sha256: c2aaae52beeacf6a5727c1010f50e89d03869abfab6d2c2658ade9da8ed50c73
  original:
    url: https://raw.githubusercontent.com/commercialhaskell/stackage-snapshots/master/lts/16/27.yaml
